
Microsoft Visual Studio Solution File, Format Version 12.00
# Visual Studio 15
VisualStudioVersion = 15.0.26124.0
MinimumVisualStudioVersion = 15.0.26124.0
Project("{2150E333-8FDC-42A3-9474-1A3956D46DE8}") = "src", "src", "{E00C7F6F-4D5E-4725-9141-1D0B9E678EAE}"
EndProject
Project("{FAE04EC0-301F-11D3-BF4B-00C04F79EFBC}") = "IdentityServer", "src\IdentityServer\IdentityServer.csproj", "{DA9267D2-F3C8-47B1-9E4E-B60775493D4E}"
EndProject
Project("{FAE04EC0-301F-11D3-BF4B-00C04F79EFBC}") = "Api", "src\Api\Api.csproj", "{A22FA038-6FE4-4EF5-8B3E-650E80FF75B8}"
EndProject
Project("{FAE04EC0-301F-11D3-BF4B-00C04F79EFBC}") = "Client", "src\Client\Client.csproj", "{169162F4-EA24-4F2A-9E88-7FFED822B424}"
EndProject
Project("{FAE04EC0-301F-11D3-BF4B-00C04F79EFBC}") = "Mvc", "src\Mvc\Mvc.csproj", "{D293493A-2979-443E-9CAF-CE1FE689B4E5}"
EndProject
Global
	GlobalSection(SolutionConfigurationPlatforms) = preSolution
		Debug|Any CPU = Debug|Any CPU
		Debug|x64 = Debug|x64
		Debug|x86 = Debug|x86
		Release|Any CPU = Release|Any CPU
		Release|x64 = Release|x64
		Release|x86 = Release|x86
	EndGlobalSection
	GlobalSection(SolutionProperties) = preSolution
		HideSolutionNode = FALSE
	EndGlobalSection
	GlobalSection(ProjectConfigurationPlatforms) = postSolution
		{DA9267D2-F3C8-47B1-9E4E-B60775493D4E}.Debug|Any CPU.ActiveCfg = Debug|Any CPU
		{DA9267D2-F3C8-47B1-9E4E-B60775493D4E}.Debug|Any CPU.Build.0 = Debug|Any CPU
		{DA9267D2-F3C8-47B1-9E4E-B60775493D4E}.Debug|x64.ActiveCfg = Debug|Any CPU
		{DA9267D2-F3C8-47B1-9E4E-B60775493D4E}.Debug|x64.Build.0 = Debug|Any CPU
		{DA9267D2-F3C8-47B1-9E4E-B60775493D4E}.Debug|x86.ActiveCfg = Debug|Any CPU
		{DA9267D2-F3C8-47B1-9E4E-B60775493D4E}.Debug|x86.Build.0 = Debug|Any CPU
		{DA9267D2-F3C8-47B1-9E4E-B60775493D4E}.Release|Any CPU.ActiveCfg = Release|Any CPU
		{DA9267D2-F3C8-47B1-9E4E-B60775493D4E}.Release|Any CPU.Build.0 = Release|Any CPU
		{DA9267D2-F3C8-47B1-9E4E-B60775493D4E}.Release|x64.ActiveCfg = Release|Any CPU
		{DA9267D2-F3C8-47B1-9E4E-B60775493D4E}.Release|x64.Build.0 = Release|Any CPU
		{DA9267D2-F3C8-47B1-9E4E-B60775493D4E}.Release|x86.ActiveCfg = Release|Any CPU
		{DA9267D2-F3C8-47B1-9E4E-B60775493D4E}.Release|x86.Build.0 = Release|Any CPU
		{A22FA038-6FE4-4EF5-8B3E-650E80FF75B8}.Debug|Any CPU.ActiveCfg = Debug|Any CPU
		{A22FA038-6FE4-4EF5-8B3E-650E80FF75B8}.Debug|Any CPU.Build.0 = Debug|Any CPU
		{A22FA038-6FE4-4EF5-8B3E-650E80FF75B8}.Debug|x64.ActiveCfg = Debug|Any CPU
		{A22FA038-6FE4-4EF5-8B3E-650E80FF75B8}.Debug|x64.Build.0 = Debug|Any CPU
		{A22FA038-6FE4-4EF5-8B3E-650E80FF75B8}.Debug|x86.ActiveCfg = Debug|Any CPU
		{A22FA038-6FE4-4EF5-8B3E-650E80FF75B8}.Debug|x86.Build.0 = Debug|Any CPU
		{A22FA038-6FE4-4EF5-8B3E-650E80FF75B8}.Release|Any CPU.ActiveCfg = Release|Any CPU
		{A22FA038-6FE4-4EF5-8B3E-650E80FF75B8}.Release|Any CPU.Build.0 = Release|Any CPU
		{A22FA038-6FE4-4EF5-8B3E-650E80FF75B8}.Release|x64.ActiveCfg = Release|Any CPU
		{A22FA038-6FE4-4EF5-8B3E-650E80FF75B8}.Release|x64.Build.0 = Release|Any CPU
		{A22FA038-6FE4-4EF5-8B3E-650E80FF75B8}.Release|x86.ActiveCfg = Release|Any CPU
		{A22FA038-6FE4-4EF5-8B3E-650E80FF75B8}.Release|x86.Build.0 = Release|Any CPU
		{169162F4-EA24-4F2A-9E88-7FFED822B424}.Debug|Any CPU.ActiveCfg = Debug|Any CPU
		{169162F4-EA24-4F2A-9E88-7FFED822B424}.Debug|Any CPU.Build.0 = Debug|Any CPU
		{169162F4-EA24-4F2A-9E88-7FFED822B424}.Debug|x64.ActiveCfg = Debug|Any CPU
		{169162F4-EA24-4F2A-9E88-7FFED822B424}.Debug|x64.Build.0 = Debug|Any CPU
		{169162F4-EA24-4F2A-9E88-7FFED822B424}.Debug|x86.ActiveCfg = Debug|Any CPU
		{169162F4-EA24-4F2A-9E88-7FFED822B424}.Debug|x86.Build.0 = Debug|Any CPU
		{169162F4-EA24-4F2A-9E88-7FFED822B424}.Release|Any CPU.ActiveCfg = Release|Any CPU
		{169162F4-EA24-4F2A-9E88-7FFED822B424}.Release|Any CPU.Build.0 = Release|Any CPU
		{169162F4-EA24-4F2A-9E88-7FFED822B424}.Release|x64.ActiveCfg = Release|Any CPU
		{169162F4-EA24-4F2A-9E88-7FFED822B424}.Release|x64.Build.0 = Release|Any CPU
		{169162F4-EA24-4F2A-9E88-7FFED822B424}.Release|x86.ActiveCfg = Release|Any CPU
		{169162F4-EA24-4F2A-9E88-7FFED822B424}.Release|x86.Build.0 = Release|Any CPU
		{D293493A-2979-443E-9CAF-CE1FE689B4E5}.Debug|Any CPU.ActiveCfg = Debug|Any CPU
		{D293493A-2979-443E-9CAF-CE1FE689B4E5}.Debug|Any CPU.Build.0 = Debug|Any CPU
		{D293493A-2979-443E-9CAF-CE1FE689B4E5}.Debug|x64.ActiveCfg = Debug|Any CPU
		{D293493A-2979-443E-9CAF-CE1FE689B4E5}.Debug|x64.Build.0 = Debug|Any CPU
		{D293493A-2979-443E-9CAF-CE1FE689B4E5}.Debug|x86.ActiveCfg = Debug|Any CPU
		{D293493A-2979-443E-9CAF-CE1FE689B4E5}.Debug|x86.Build.0 = Debug|Any CPU
		{D293493A-2979-443E-9CAF-CE1FE689B4E5}.Release|Any CPU.ActiveCfg = Release|Any CPU
		{D293493A-2979-443E-9CAF-CE1FE689B4E5}.Release|Any CPU.Build.0 = Release|Any CPU
		{D293493A-2979-443E-9CAF-CE1FE689B4E5}.Release|x64.ActiveCfg = Release|Any CPU
		{D293493A-2979-443E-9CAF-CE1FE689B4E5}.Release|x64.Build.0 = Release|Any CPU
		{D293493A-2979-443E-9CAF-CE1FE689B4E5}.Release|x86.ActiveCfg = Release|Any CPU
		{D293493A-2979-443E-9CAF-CE1FE689B4E5}.Release|x86.Build.0 = Release|Any CPU
	EndGlobalSection
	GlobalSection(NestedProjects) = preSolution
		{DA9267D2-F3C8-47B1-9E4E-B60775493D4E} = {E00C7F6F-4D5E-4725-9141-1D0B9E678EAE}
		{A22FA038-6FE4-4EF5-8B3E-650E80FF75B8} = {E00C7F6F-4D5E-4725-9141-1D0B9E678EAE}
		{169162F4-EA24-4F2A-9E88-7FFED822B424} = {E00C7F6F-4D5E-4725-9141-1D0B9E678EAE}
		{D293493A-2979-443E-9CAF-CE1FE689B4E5} = {E00C7F6F-4D5E-4725-9141-1D0B9E678EAE}
	EndGlobalSection
EndGlobal
